
Microsoft Visual Studio Solution File, Format Version 12.00
# Visual Studio Version 16
VisualStudioVersion = 16.0.30011.22
MinimumVisualStudioVersion = 10.0.40219.1
Project("{9A19103F-16F7-4668-BE54-9A1E7A4F7556}") = "ChargeBook", "ChargeBook\ChargeBook.csproj", "{3CC2E351-EE3C-4F12-8483-7BE32CC3891D}"
EndProject
Project("{FAE04EC0-301F-11D3-BF4B-00C04F79EFBC}") = "UnitTests", "UnitTests\UnitTests.csproj", "{00E89F10-EEED-49C6-8AA1-DEC5A8520028}"
EndProject
Project("{FAE04EC0-301F-11D3-BF4B-00C04F79EFBC}") = "UITest", "UITest\UITest.csproj", "{ECF32770-4E1C-4958-A2B6-21FF871F36F9}"
EndProject
Global
	GlobalSection(SolutionConfigurationPlatforms) = preSolution
		Debug|Any CPU = Debug|Any CPU
		Release|Any CPU = Release|Any CPU
	EndGlobalSection
	GlobalSection(ProjectConfigurationPlatforms) = postSolution
		{3CC2E351-EE3C-4F12-8483-7BE32CC3891D}.Debug|Any CPU.ActiveCfg = Debug|Any CPU
		{3CC2E351-EE3C-4F12-8483-7BE32CC3891D}.Debug|Any CPU.Build.0 = Debug|Any CPU
		{3CC2E351-EE3C-4F12-8483-7BE32CC3891D}.Release|Any CPU.ActiveCfg = Release|Any CPU
		{3CC2E351-EE3C-4F12-8483-7BE32CC3891D}.Release|Any CPU.Build.0 = Release|Any CPU
		{00E89F10-EEED-49C6-8AA1-DEC5A8520028}.Debug|Any CPU.ActiveCfg = Debug|Any CPU
		{00E89F10-EEED-49C6-8AA1-DEC5A8520028}.Debug|Any CPU.Build.0 = Debug|Any CPU
		{00E89F10-EEED-49C6-8AA1-DEC5A8520028}.Release|Any CPU.ActiveCfg = Release|Any CPU
		{00E89F10-EEED-49C6-8AA1-DEC5A8520028}.Release|Any CPU.Build.0 = Release|Any CPU
		{ECF32770-4E1C-4958-A2B6-21FF871F36F9}.Debug|Any CPU.ActiveCfg = Debug|Any CPU
		{ECF32770-4E1C-4958-A2B6-21FF871F36F9}.Debug|Any CPU.Build.0 = Debug|Any CPU
		{ECF32770-4E1C-4958-A2B6-21FF871F36F9}.Release|Any CPU.ActiveCfg = Release|Any CPU
		{ECF32770-4E1C-4958-A2B6-21FF871F36F9}.Release|Any CPU.Build.0 = Release|Any CPU
	EndGlobalSection
	GlobalSection(SolutionProperties) = preSolution
		HideSolutionNode = FALSE
	EndGlobalSection
	GlobalSection(ExtensibilityGlobals) = postSolution
		SolutionGuid = {558F2B21-7151-456B-9AB5-3D213C73BCE5}
	EndGlobalSection
EndGlobal
